{
  "name": "ai-policy-check",
  "version": "1.0.0",
  "lockfileVersion": 3,
  "requires": true,
  "packages": {
    "": {
      "name": "ai-policy-check",
      "version": "1.0.0",
      "dependencies": {
        "@octokit/rest": "file:vendor/octokit-rest"
      },
      "devDependencies": {
        "ts-node": "file:vendor/ts-node",
        "typescript": "file:vendor/typescript"
      }
    },
    "node_modules/@octokit/rest": {
      "resolved": "vendor/octokit-rest",
      "link": true
    },
    "node_modules/ts-node": {
      "resolved": "vendor/ts-node",
      "link": true
    },
    "node_modules/typescript": {
      "resolved": "vendor/typescript",
      "link": true
    },
    "vendor/octokit-rest": {
      "name": "@octokit/rest",
      "version": "0.0.0-local"
    },
    "vendor/ts-node": {
      "version": "0.0.0-local",
      "dev": true,
      "bin": {
        "ts-node": "bin/ts-node.js"
      }
    },
    "vendor/typescript": {
      "version": "0.0.0-local",
      "dev": true,
      "bin": {
        "tsc": "bin/tsc.js"
      }
    }
  }
}
